
Microsoft Visual Studio Solution File, Format Version 12.00
# Visual Studio Version 16
VisualStudioVersion = 16.0.30413.136
MinimumVisualStudioVersion = 10.0.40219.1
Project("{FAE04EC0-301F-11D3-BF4B-00C04F79EFBC}") = "lab8_7", "lab8_7\lab8_7.csproj", "{61923A9D-67CE-4480-A8B1-4B9981A9B9AA}"
EndProject
Global
	GlobalSection(SolutionConfigurationPlatforms) = preSolution
		Debug|Any CPU = Debug|Any CPU
		Release|Any CPU = Release|Any CPU
	EndGlobalSection
	GlobalSection(ProjectConfigurationPlatforms) = postSolution
		{61923A9D-67CE-4480-A8B1-4B9981A9B9AA}.Debug|Any CPU.ActiveCfg = Debug|Any CPU
		{61923A9D-67CE-4480-A8B1-4B9981A9B9AA}.Debug|Any CPU.Build.0 = Debug|Any CPU
		{61923A9D-67CE-4480-A8B1-4B9981A9B9AA}.Release|Any CPU.ActiveCfg = Release|Any CPU
		{61923A9D-67CE-4480-A8B1-4B9981A9B9AA}.Release|Any CPU.Build.0 = Release|Any CPU
	EndGlobalSection
	GlobalSection(SolutionProperties) = preSolution
		HideSolutionNode = FALSE
	EndGlobalSection
	GlobalSection(ExtensibilityGlobals) = postSolution
		SolutionGuid = {CC8C097C-EAE8-4A56-9871-334942B3CB70}
	EndGlobalSection
EndGlobal
